
Microsoft Visual Studio Solution File, Format Version 12.00
# Visual Studio 15
VisualStudioVersion = 15.0.26430.15
MinimumVisualStudioVersion = 10.0.40219.1
Project("{FAE04EC0-301F-11D3-BF4B-00C04F79EFBC}") = "Form(WPF)", "Form(WPF)\Form(WPF).csproj", "{6FB75C99-3E2E-4A42-8160-8AF20D33710A}"
EndProject
Global
	GlobalSection(SolutionConfigurationPlatforms) = preSolution
		Debug|Any CPU = Debug|Any CPU
		Release|Any CPU = Release|Any CPU
	EndGlobalSection
	GlobalSection(ProjectConfigurationPlatforms) = postSolution
		{6FB75C99-3E2E-4A42-8160-8AF20D33710A}.Debug|Any CPU.ActiveCfg = Debug|Any CPU
		{6FB75C99-3E2E-4A42-8160-8AF20D33710A}.Debug|Any CPU.Build.0 = Debug|Any CPU
		{6FB75C99-3E2E-4A42-8160-8AF20D33710A}.Release|Any CPU.ActiveCfg = Release|Any CPU
		{6FB75C99-3E2E-4A42-8160-8AF20D33710A}.Release|Any CPU.Build.0 = Release|Any CPU
	EndGlobalSection
	GlobalSection(SolutionProperties) = preSolution
		HideSolutionNode = FALSE
	EndGlobalSection
EndGlobal
